
Microsoft Visual Studio Solution File, Format Version 12.00
# Visual Studio Version 17
VisualStudioVersion = 17.14.36202.13
MinimumVisualStudioVersion = 10.0.40219.1
Project("{FAE04EC0-301F-11D3-BF4B-00C04F79EFBC}") = "WordMatch", "MatrixMatch\WordMatch.csproj", "{5828CF25-ABF1-4649-A37C-6334F51FC05C}"
EndProject
Project("{FAE04EC0-301F-11D3-BF4B-00C04F79EFBC}") = "WordMatchTest", "MatrixMatchTest\WordMatchTest.csproj", "{0A50F17C-5642-4F4C-BF44-AE3606E0E819}"
EndProject
Global
	GlobalSection(SolutionConfigurationPlatforms) = preSolution
		Debug|Any CPU = Debug|Any CPU
		Release|Any CPU = Release|Any CPU
	EndGlobalSection
	GlobalSection(ProjectConfigurationPlatforms) = postSolution
		{5828CF25-ABF1-4649-A37C-6334F51FC05C}.Debug|Any CPU.ActiveCfg = Debug|Any CPU
		{5828CF25-ABF1-4649-A37C-6334F51FC05C}.Debug|Any CPU.Build.0 = Debug|Any CPU
		{5828CF25-ABF1-4649-A37C-6334F51FC05C}.Release|Any CPU.ActiveCfg = Release|Any CPU
		{5828CF25-ABF1-4649-A37C-6334F51FC05C}.Release|Any CPU.Build.0 = Release|Any CPU
		{0A50F17C-5642-4F4C-BF44-AE3606E0E819}.Debug|Any CPU.ActiveCfg = Debug|Any CPU
		{0A50F17C-5642-4F4C-BF44-AE3606E0E819}.Debug|Any CPU.Build.0 = Debug|Any CPU
		{0A50F17C-5642-4F4C-BF44-AE3606E0E819}.Release|Any CPU.ActiveCfg = Release|Any CPU
		{0A50F17C-5642-4F4C-BF44-AE3606E0E819}.Release|Any CPU.Build.0 = Release|Any CPU
	EndGlobalSection
	GlobalSection(SolutionProperties) = preSolution
		HideSolutionNode = FALSE
	EndGlobalSection
	GlobalSection(ExtensibilityGlobals) = postSolution
		SolutionGuid = {8EB1AFAA-CB2F-4636-8238-5370AE739D9F}
	EndGlobalSection
EndGlobal
